
Microsoft Visual Studio Solution File, Format Version 12.00
# Visual Studio 15
VisualStudioVersion = 15.0.26124.0
MinimumVisualStudioVersion = 15.0.26124.0
Project("{FAE04EC0-301F-11D3-BF4B-00C04F79EFBC}") = "Interview", "Interview\Interview.csproj", "{F97F37EB-9730-42CD-BB0B-E87FD3C1BD30}"
EndProject
Project("{FAE04EC0-301F-11D3-BF4B-00C04F79EFBC}") = "Interview.Tests", "Interview.Tests\Interview.Tests.csproj", "{356646EA-580C-4116-B0AC-8623E92DF30F}"
EndProject
Global
	GlobalSection(SolutionConfigurationPlatforms) = preSolution
		Debug|Any CPU = Debug|Any CPU
		Debug|x64 = Debug|x64
		Debug|x86 = Debug|x86
		Release|Any CPU = Release|Any CPU
		Release|x64 = Release|x64
		Release|x86 = Release|x86
	EndGlobalSection
	GlobalSection(SolutionProperties) = preSolution
		HideSolutionNode = FALSE
	EndGlobalSection
	GlobalSection(ProjectConfigurationPlatforms) = postSolution
		{F97F37EB-9730-42CD-BB0B-E87FD3C1BD30}.Debug|Any CPU.ActiveCfg = Debug|Any CPU
		{F97F37EB-9730-42CD-BB0B-E87FD3C1BD30}.Debug|Any CPU.Build.0 = Debug|Any CPU
		{F97F37EB-9730-42CD-BB0B-E87FD3C1BD30}.Debug|x64.ActiveCfg = Debug|Any CPU
		{F97F37EB-9730-42CD-BB0B-E87FD3C1BD30}.Debug|x64.Build.0 = Debug|Any CPU
		{F97F37EB-9730-42CD-BB0B-E87FD3C1BD30}.Debug|x86.ActiveCfg = Debug|Any CPU
		{F97F37EB-9730-42CD-BB0B-E87FD3C1BD30}.Debug|x86.Build.0 = Debug|Any CPU
		{F97F37EB-9730-42CD-BB0B-E87FD3C1BD30}.Release|Any CPU.ActiveCfg = Release|Any CPU
		{F97F37EB-9730-42CD-BB0B-E87FD3C1BD30}.Release|Any CPU.Build.0 = Release|Any CPU
		{F97F37EB-9730-42CD-BB0B-E87FD3C1BD30}.Release|x64.ActiveCfg = Release|Any CPU
		{F97F37EB-9730-42CD-BB0B-E87FD3C1BD30}.Release|x64.Build.0 = Release|Any CPU
		{F97F37EB-9730-42CD-BB0B-E87FD3C1BD30}.Release|x86.ActiveCfg = Release|Any CPU
		{F97F37EB-9730-42CD-BB0B-E87FD3C1BD30}.Release|x86.Build.0 = Release|Any CPU
		{356646EA-580C-4116-B0AC-8623E92DF30F}.Debug|Any CPU.ActiveCfg = Debug|Any CPU
		{356646EA-580C-4116-B0AC-8623E92DF30F}.Debug|Any CPU.Build.0 = Debug|Any CPU
		{356646EA-580C-4116-B0AC-8623E92DF30F}.Debug|x64.ActiveCfg = Debug|Any CPU
		{356646EA-580C-4116-B0AC-8623E92DF30F}.Debug|x64.Build.0 = Debug|Any CPU
		{356646EA-580C-4116-B0AC-8623E92DF30F}.Debug|x86.ActiveCfg = Debug|Any CPU
		{356646EA-580C-4116-B0AC-8623E92DF30F}.Debug|x86.Build.0 = Debug|Any CPU
		{356646EA-580C-4116-B0AC-8623E92DF30F}.Release|Any CPU.ActiveCfg = Release|Any CPU
		{356646EA-580C-4116-B0AC-8623E92DF30F}.Release|Any CPU.Build.0 = Release|Any CPU
		{356646EA-580C-4116-B0AC-8623E92DF30F}.Release|x64.ActiveCfg = Release|Any CPU
		{356646EA-580C-4116-B0AC-8623E92DF30F}.Release|x64.Build.0 = Release|Any CPU
		{356646EA-580C-4116-B0AC-8623E92DF30F}.Release|x86.ActiveCfg = Release|Any CPU
		{356646EA-580C-4116-B0AC-8623E92DF30F}.Release|x86.Build.0 = Release|Any CPU
	EndGlobalSection
EndGlobal
